
Microsoft Visual Studio Solution File, Format Version 12.00
# Visual Studio Version 16
VisualStudioVersion = 16.0.29519.181
MinimumVisualStudioVersion = 10.0.40219.1
Project("{8BC9CEB8-8B4A-11D0-8D11-00A0C91BC942}") = "ComputerStructure_hmw2", "ComputerStructure_hmw2.vcxproj", "{0B3AD95C-D2E1-46CC-A807-59486ECF170A}"
EndProject
Global
	GlobalSection(SolutionConfigurationPlatforms) = preSolution
		Debug|x64 = Debug|x64
		Debug|x86 = Debug|x86
		Release|x64 = Release|x64
		Release|x86 = Release|x86
	EndGlobalSection
	GlobalSection(ProjectConfigurationPlatforms) = postSolution
		{0B3AD95C-D2E1-46CC-A807-59486ECF170A}.Debug|x64.ActiveCfg = Debug|x64
		{0B3AD95C-D2E1-46CC-A807-59486ECF170A}.Debug|x64.Build.0 = Debug|x64
		{0B3AD95C-D2E1-46CC-A807-59486ECF170A}.Debug|x86.ActiveCfg = Debug|Win32
		{0B3AD95C-D2E1-46CC-A807-59486ECF170A}.Debug|x86.Build.0 = Debug|Win32
		{0B3AD95C-D2E1-46CC-A807-59486ECF170A}.Release|x64.ActiveCfg = Release|x64
		{0B3AD95C-D2E1-46CC-A807-59486ECF170A}.Release|x64.Build.0 = Release|x64
		{0B3AD95C-D2E1-46CC-A807-59486ECF170A}.Release|x86.ActiveCfg = Release|Win32
		{0B3AD95C-D2E1-46CC-A807-59486ECF170A}.Release|x86.Build.0 = Release|Win32
	EndGlobalSection
	GlobalSection(SolutionProperties) = preSolution
		HideSolutionNode = FALSE
	EndGlobalSection
	GlobalSection(ExtensibilityGlobals) = postSolution
		SolutionGuid = {632113BF-8B3C-412A-BA71-E9988125E47B}
	EndGlobalSection
EndGlobal
